
Microsoft Visual Studio Solution File, Format Version 12.00
# Visual Studio Version 17
VisualStudioVersion = 17.3.32901.215
MinimumVisualStudioVersion = 10.0.40219.1
Project("{FAE04EC0-301F-11D3-BF4B-00C04F79EFBC}") = "Lista3Ex6", "Lista3Ex6\Lista3Ex6.csproj", "{CA266BC2-AF1E-48EE-9121-0138AFB85CAE}"
EndProject
Global
	GlobalSection(SolutionConfigurationPlatforms) = preSolution
		Debug|Any CPU = Debug|Any CPU
		Release|Any CPU = Release|Any CPU
	EndGlobalSection
	GlobalSection(ProjectConfigurationPlatforms) = postSolution
		{CA266BC2-AF1E-48EE-9121-0138AFB85CAE}.Debug|Any CPU.ActiveCfg = Debug|Any CPU
		{CA266BC2-AF1E-48EE-9121-0138AFB85CAE}.Debug|Any CPU.Build.0 = Debug|Any CPU
		{CA266BC2-AF1E-48EE-9121-0138AFB85CAE}.Release|Any CPU.ActiveCfg = Release|Any CPU
		{CA266BC2-AF1E-48EE-9121-0138AFB85CAE}.Release|Any CPU.Build.0 = Release|Any CPU
	EndGlobalSection
	GlobalSection(SolutionProperties) = preSolution
		HideSolutionNode = FALSE
	EndGlobalSection
	GlobalSection(ExtensibilityGlobals) = postSolution
		SolutionGuid = {7CED358A-7772-49C3-B614-0192B00B9262}
	EndGlobalSection
EndGlobal
