
Microsoft Visual Studio Solution File, Format Version 12.00
# Visual Studio Version 17
VisualStudioVersion = 17.3.32901.215
MinimumVisualStudioVersion = 10.0.40219.1
Project("{FAE04EC0-301F-11D3-BF4B-00C04F79EFBC}") = "Lista3Ex10", "Lista3Ex10\Lista3Ex10.csproj", "{5CF9C461-829C-4791-B122-E4F62B36A47E}"
EndProject
Global
	GlobalSection(SolutionConfigurationPlatforms) = preSolution
		Debug|Any CPU = Debug|Any CPU
		Release|Any CPU = Release|Any CPU
	EndGlobalSection
	GlobalSection(ProjectConfigurationPlatforms) = postSolution
		{5CF9C461-829C-4791-B122-E4F62B36A47E}.Debug|Any CPU.ActiveCfg = Debug|Any CPU
		{5CF9C461-829C-4791-B122-E4F62B36A47E}.Debug|Any CPU.Build.0 = Debug|Any CPU
		{5CF9C461-829C-4791-B122-E4F62B36A47E}.Release|Any CPU.ActiveCfg = Release|Any CPU
		{5CF9C461-829C-4791-B122-E4F62B36A47E}.Release|Any CPU.Build.0 = Release|Any CPU
	EndGlobalSection
	GlobalSection(SolutionProperties) = preSolution
		HideSolutionNode = FALSE
	EndGlobalSection
	GlobalSection(ExtensibilityGlobals) = postSolution
		SolutionGuid = {5C900634-FEDF-4207-86DC-03E327E44A55}
	EndGlobalSection
EndGlobal
