
Microsoft Visual Studio Solution File, Format Version 12.00
# Visual Studio Version 17
VisualStudioVersion = 17.3.32901.215
MinimumVisualStudioVersion = 10.0.40219.1
Project("{FAE04EC0-301F-11D3-BF4B-00C04F79EFBC}") = "Lista3Ex7", "Lista3Ex7\Lista3Ex7.csproj", "{D61698C6-0FC9-485E-90CF-738CA250E835}"
EndProject
Global
	GlobalSection(SolutionConfigurationPlatforms) = preSolution
		Debug|Any CPU = Debug|Any CPU
		Release|Any CPU = Release|Any CPU
	EndGlobalSection
	GlobalSection(ProjectConfigurationPlatforms) = postSolution
		{D61698C6-0FC9-485E-90CF-738CA250E835}.Debug|Any CPU.ActiveCfg = Debug|Any CPU
		{D61698C6-0FC9-485E-90CF-738CA250E835}.Debug|Any CPU.Build.0 = Debug|Any CPU
		{D61698C6-0FC9-485E-90CF-738CA250E835}.Release|Any CPU.ActiveCfg = Release|Any CPU
		{D61698C6-0FC9-485E-90CF-738CA250E835}.Release|Any CPU.Build.0 = Release|Any CPU
	EndGlobalSection
	GlobalSection(SolutionProperties) = preSolution
		HideSolutionNode = FALSE
	EndGlobalSection
	GlobalSection(ExtensibilityGlobals) = postSolution
		SolutionGuid = {DA79E0B6-1EAA-4BE6-8326-1F00D12D372B}
	EndGlobalSection
EndGlobal
